version = 1
requires-python = ">=3.12"

[[package]]
name = "py-extension-example-c"
version = "0.1.0"
source = { virtual = "." }
dependencies = [
    { name = "setuptools" },
]

[package.metadata]
requires-dist = [{ name = "setuptools", specifier = ">=80.4.0" }]

[[package]]
name = "setuptools"
version = "80.4.0"
source = { registry = "https://pypi.org/simple" }
sdist = { url = "https://files.pythonhosted.org/packages/95/32/0cc40fe41fd2adb80a2f388987f4f8db3c866c69e33e0b4c8b093fdf700e/setuptools-80.4.0.tar.gz", hash = "sha256:5a78f61820bc088c8e4add52932ae6b8cf423da2aff268c23f813cfbb13b4006", size = 1315008 }
wheels = [
    { url = "https://files.pythonhosted.org/packages/b1/93/dba5ed08c2e31ec7cdc2ce75705a484ef0be1a2fecac8a58272489349de8/setuptools-80.4.0-py3-none-any.whl", hash = "sha256:6cdc8cb9a7d590b237dbe4493614a9b75d0559b888047c1f67d49ba50fc3edb2", size = 1200812 },
]
